
Microsoft Visual Studio Solution File, Format Version 12.00
# Visual Studio 15
VisualStudioVersion = 15.0.27004.2006
MinimumVisualStudioVersion = 10.0.40219.1
Project("{FAE04EC0-301F-11D3-BF4B-00C04F79EFBC}") = "PcMonit", "PcMonit\PcMonit.csproj", "{1B4523C5-2705-4054-867F-D8CD2A809D54}"
EndProject
Project("{FAE04EC0-301F-11D3-BF4B-00C04F79EFBC}") = "PcMonit.Tests", "PcMonit.Tests\PcMonit.Tests.csproj", "{8E3EE687-8904-4115-A835-1DF0DEF48724}"
EndProject
Global
	GlobalSection(SolutionConfigurationPlatforms) = preSolution
		Debug|Any CPU = Debug|Any CPU
		Release|Any CPU = Release|Any CPU
	EndGlobalSection
	GlobalSection(ProjectConfigurationPlatforms) = postSolution
		{1B4523C5-2705-4054-867F-D8CD2A809D54}.Debug|Any CPU.ActiveCfg = Debug|Any CPU
		{1B4523C5-2705-4054-867F-D8CD2A809D54}.Debug|Any CPU.Build.0 = Debug|Any CPU
		{1B4523C5-2705-4054-867F-D8CD2A809D54}.Release|Any CPU.ActiveCfg = Release|Any CPU
		{1B4523C5-2705-4054-867F-D8CD2A809D54}.Release|Any CPU.Build.0 = Release|Any CPU
		{8E3EE687-8904-4115-A835-1DF0DEF48724}.Debug|Any CPU.ActiveCfg = Debug|Any CPU
		{8E3EE687-8904-4115-A835-1DF0DEF48724}.Debug|Any CPU.Build.0 = Debug|Any CPU
		{8E3EE687-8904-4115-A835-1DF0DEF48724}.Release|Any CPU.ActiveCfg = Release|Any CPU
		{8E3EE687-8904-4115-A835-1DF0DEF48724}.Release|Any CPU.Build.0 = Release|Any CPU
	EndGlobalSection
	GlobalSection(SolutionProperties) = preSolution
		HideSolutionNode = FALSE
	EndGlobalSection
	GlobalSection(ExtensibilityGlobals) = postSolution
		SolutionGuid = {D3F07DF7-EDE7-49B0-8B09-6B627D001AEB}
	EndGlobalSection
EndGlobal
